// !$*UTF8*$!
{
	archiveVersion = 1;
	classes = {
	};
	objectVersion = 77;
	objects = {

/* Begin PBXBuildFile section */
		4B046F7B2D2D7DBC000D0D6B /* PreviewPlaceholder.swift in Sources */ = {isa = PBXBuildFile; fileRef = 4B046F7A2D2D7DBC000D0D6B /* PreviewPlaceholder.swift */; };
		4B29CB112D23213D00B20F1B /* Preview Assets.xcassets in Resources */ = {isa = PBXBuildFile; fileRef = 4B29CB0B2D23213D00B20F1B /* Preview Assets.xcassets */; };
		4B29CB122D23213D00B20F1B /* Assets.xcassets in Resources */ = {isa = PBXBuildFile; fileRef = 4B29CB0D2D23213D00B20F1B /* Assets.xcassets */; };
		4B29CB132D23213D00B20F1B /* BrowseView.swift in Sources */ = {isa = PBXBuildFile; fileRef = 4B29CB0E2D23213D00B20F1B /* BrowseView.swift */; };
		4B29CB142D23213D00B20F1B /* SwiftUIPrepApp.swift in Sources */ = {isa = PBXBuildFile; fileRef = 4B29CB0F2D23213D00B20F1B /* SwiftUIPrepApp.swift */; };
		4B29CB1E2D23282300B20F1B /* MainView.swift in Sources */ = {isa = PBXBuildFile; fileRef = 4B29CB1D2D23282300B20F1B /* MainView.swift */; };
		4B29CB222D23284900B20F1B /* SettingsView.swift in Sources */ = {isa = PBXBuildFile; fileRef = 4B29CB212D23284900B20F1B /* SettingsView.swift */; };
		4B29CB242D232A3B00B20F1B /* LaunchScreenView.swift in Sources */ = {isa = PBXBuildFile; fileRef = 4B29CB232D232A3B00B20F1B /* LaunchScreenView.swift */; };
		4B29CB262D232C8700B20F1B /* LanguageButton.swift in Sources */ = {isa = PBXBuildFile; fileRef = 4B29CB252D232C8700B20F1B /* LanguageButton.swift */; };
		4B29CB282D232D1300B20F1B /* Localizable.xcstrings in Resources */ = {isa = PBXBuildFile; fileRef = 4B29CB272D232D1300B20F1B /* Localizable.xcstrings */; };
		4B29CB2A2D259F9400B20F1B /* QuestionTestView.swift in Sources */ = {isa = PBXBuildFile; fileRef = 4B29CB292D259F9400B20F1B /* QuestionTestView.swift */; };
		4B29CB2C2D259FA900B20F1B /* ProgressTabView.swift in Sources */ = {isa = PBXBuildFile; fileRef = 4B29CB2B2D259FA900B20F1B /* ProgressTabView.swift */; };
		4B29CB302D259FD000B20F1B /* FavoritesView.swift in Sources */ = {isa = PBXBuildFile; fileRef = 4B29CB2F2D259FD000B20F1B /* FavoritesView.swift */; };
		4B29CB322D25AFB800B20F1B /* CoverImageView.swift in Sources */ = {isa = PBXBuildFile; fileRef = 4B29CB312D25AFB800B20F1B /* CoverImageView.swift */; };
		4B29CB342D25B4B600B20F1B /* covers.json in Resources */ = {isa = PBXBuildFile; fileRef = 4B29CB332D25B4B600B20F1B /* covers.json */; };
		4B29CB362D25B53800B20F1B /* CoverImageModel.swift in Sources */ = {isa = PBXBuildFile; fileRef = 4B29CB352D25B53800B20F1B /* CoverImageModel.swift */; };
		4B29CB3B2D25CF1200B20F1B /* QuestionListItemView.swift in Sources */ = {isa = PBXBuildFile; fileRef = 4B29CB3A2D25CF1200B20F1B /* QuestionListItemView.swift */; };
		4B29CB3D2D25DACD00B20F1B /* QuestionModel.swift in Sources */ = {isa = PBXBuildFile; fileRef = 4B29CB3C2D25DACD00B20F1B /* QuestionModel.swift */; };
		4B29CB412D26ED2600B20F1B /* questions_ru.json in Resources */ = {isa = PBXBuildFile; fileRef = 4B29CB402D26ED2600B20F1B /* questions_ru.json */; };
		4B29CB432D26ED3900B20F1B /* questions_en.json in Resources */ = {isa = PBXBuildFile; fileRef = 4B29CB422D26ED3900B20F1B /* questions_en.json */; };
		4B29CB452D26EDF100B20F1B /* JSONLoader.swift in Sources */ = {isa = PBXBuildFile; fileRef = 4B29CB442D26EDF100B20F1B /* JSONLoader.swift */; };
		4B29CB472D26EF4400B20F1B /* QuestionViewModel.swift in Sources */ = {isa = PBXBuildFile; fileRef = 4B29CB462D26EF4400B20F1B /* QuestionViewModel.swift */; };
		4B29CB492D26F44400B20F1B /* QuestionLoader.swift in Sources */ = {isa = PBXBuildFile; fileRef = 4B29CB482D26F44400B20F1B /* QuestionLoader.swift */; };
		4B29CB4B2D28429300B20F1B /* QuestionDetailView.swift in Sources */ = {isa = PBXBuildFile; fileRef = 4B29CB4A2D28429300B20F1B /* QuestionDetailView.swift */; };
		4B29CB4D2D28458200B20F1B /* HeadingView.swift in Sources */ = {isa = PBXBuildFile; fileRef = 4B29CB4C2D28458200B20F1B /* HeadingView.swift */; };
		4B29CB512D299B1900B20F1B /* CategoryColorExtension.swift in Sources */ = {isa = PBXBuildFile; fileRef = 4B29CB502D299B1900B20F1B /* CategoryColorExtension.swift */; };
		4B29CB532D2AEC8100B20F1B /* ColorExtension.swift in Sources */ = {isa = PBXBuildFile; fileRef = 4B29CB522D2AEC8100B20F1B /* ColorExtension.swift */; };
		4B779C642D36D27A0073A379 /* TestViewsButton.swift in Sources */ = {isa = PBXBuildFile; fileRef = 4B779C632D36D27A0073A379 /* TestViewsButton.swift */; };
		4B8154942D31897700FD8FFA /* FavoritesViewModel.swift in Sources */ = {isa = PBXBuildFile; fileRef = 4B8154932D31897700FD8FFA /* FavoritesViewModel.swift */; };
		4B8154962D32D5F500FD8FFA /* SearchExtension.swift in Sources */ = {isa = PBXBuildFile; fileRef = 4B8154952D32D5F500FD8FFA /* SearchExtension.swift */; };
		4B81549D2D341A6400FD8FFA /* StartTestView.swift in Sources */ = {isa = PBXBuildFile; fileRef = 4B81549C2D341A6400FD8FFA /* StartTestView.swift */; };
		4B81549F2D341AF200FD8FFA /* ResultTestView.swift in Sources */ = {isa = PBXBuildFile; fileRef = 4B81549E2D341AF200FD8FFA /* ResultTestView.swift */; };
		4B8154A12D356FED00FD8FFA /* TimeRemainingHolder.swift in Sources */ = {isa = PBXBuildFile; fileRef = 4B8154A02D356FED00FD8FFA /* TimeRemainingHolder.swift */; };
		4B8154A52D35877E00FD8FFA /* AnswerCellButton.swift in Sources */ = {isa = PBXBuildFile; fileRef = 4B8154A42D35877E00FD8FFA /* AnswerCellButton.swift */; };
		4B8154A72D3592D100FD8FFA /* ProgressBarLine.swift in Sources */ = {isa = PBXBuildFile; fileRef = 4B8154A62D3592D100FD8FFA /* ProgressBarLine.swift */; };
		4B8154A92D369FC900FD8FFA /* ButtonGradients.swift in Sources */ = {isa = PBXBuildFile; fileRef = 4B8154A82D369FC900FD8FFA /* ButtonGradients.swift */; };
		4B96CCA82D38F66F00DFC13C /* ProgressItemView.swift in Sources */ = {isa = PBXBuildFile; fileRef = 4B96CCA72D38F66F00DFC13C /* ProgressItemView.swift */; };
		4B96CCAA2D39044500DFC13C /* ProgressItem.swift in Sources */ = {isa = PBXBuildFile; fileRef = 4B96CCA92D39044500DFC13C /* ProgressItem.swift */; };
		4B96CCAC2D39047B00DFC13C /* ProgressViewModel.swift in Sources */ = {isa = PBXBuildFile; fileRef = 4B96CCAB2D39047B00DFC13C /* ProgressViewModel.swift */; };
		4BDB613F2D2DA48C00D31659 /* MotionAnimationView.swift in Sources */ = {isa = PBXBuildFile; fileRef = 4BDB613E2D2DA48C00D31659 /* MotionAnimationView.swift */; };
		4BDB61492D2F09B800D31659 /* CategoriesGridItemView.swift in Sources */ = {isa = PBXBuildFile; fileRef = 4BDB61482D2F09B800D31659 /* CategoriesGridItemView.swift */; };
		4BDB61532D303FB300D31659 /* QuestionsListView.swift in Sources */ = {isa = PBXBuildFile; fileRef = 4BDB61522D303FB300D31659 /* QuestionsListView.swift */; };
		4BDB61552D30411200D31659 /* CategoryGridView.swift in Sources */ = {isa = PBXBuildFile; fileRef = 4BDB61542D30411200D31659 /* CategoryGridView.swift */; };
		4BDB61572D30436D00D31659 /* ToolbarButtons.swift in Sources */ = {isa = PBXBuildFile; fileRef = 4BDB61562D30436D00D31659 /* ToolbarButtons.swift */; };
		4BDB61592D30472000D31659 /* CategoryQuestionsView.swift in Sources */ = {isa = PBXBuildFile; fileRef = 4BDB61582D30472000D31659 /* CategoryQuestionsView.swift */; };
/* End PBXBuildFile section */

/* Begin PBXFileReference section */
		4B046F7A2D2D7DBC000D0D6B /* PreviewPlaceholder.swift */ = {isa = PBXFileReference; lastKnownFileType = sourcecode.swift; path = PreviewPlaceholder.swift; sourceTree = "<group>"; };
		4B29CAFA2D23212D00B20F1B /* SwiftUIPrep.app */ = {isa = PBXFileReference; explicitFileType = wrapper.application; includeInIndex = 0; path = SwiftUIPrep.app; sourceTree = BUILT_PRODUCTS_DIR; };
		4B29CB0B2D23213D00B20F1B /* Preview Assets.xcassets */ = {isa = PBXFileReference; lastKnownFileType = folder.assetcatalog; path = "Preview Assets.xcassets"; sourceTree = "<group>"; };
		4B29CB0D2D23213D00B20F1B /* Assets.xcassets */ = {isa = PBXFileReference; lastKnownFileType = folder.assetcatalog; path = Assets.xcassets; sourceTree = "<group>"; };
		4B29CB0E2D23213D00B20F1B /* BrowseView.swift */ = {isa = PBXFileReference; lastKnownFileType = sourcecode.swift; path = BrowseView.swift; sourceTree = "<group>"; };
		4B29CB0F2D23213D00B20F1B /* SwiftUIPrepApp.swift */ = {isa = PBXFileReference; lastKnownFileType = sourcecode.swift; path = SwiftUIPrepApp.swift; sourceTree = "<group>"; };
		4B29CB1C2D23278700B20F1B /* Info.plist */ = {isa = PBXFileReference; lastKnownFileType = text.plist; path = Info.plist; sourceTree = "<group>"; };
		4B29CB1D2D23282300B20F1B /* MainView.swift */ = {isa = PBXFileReference; lastKnownFileType = sourcecode.swift; path = MainView.swift; sourceTree = "<group>"; };
		4B29CB212D23284900B20F1B /* SettingsView.swift */ = {isa = PBXFileReference; lastKnownFileType = sourcecode.swift; path = SettingsView.swift; sourceTree = "<group>"; };
		4B29CB232D232A3B00B20F1B /* LaunchScreenView.swift */ = {isa = PBXFileReference; lastKnownFileType = sourcecode.swift; path = LaunchScreenView.swift; sourceTree = "<group>"; };
		4B29CB252D232C8700B20F1B /* LanguageButton.swift */ = {isa = PBXFileReference; lastKnownFileType = sourcecode.swift; path = LanguageButton.swift; sourceTree = "<group>"; };
		4B29CB272D232D1300B20F1B /* Localizable.xcstrings */ = {isa = PBXFileReference; lastKnownFileType = text.json.xcstrings; path = Localizable.xcstrings; sourceTree = "<group>"; };
		4B29CB292D259F9400B20F1B /* QuestionTestView.swift */ = {isa = PBXFileReference; lastKnownFileType = sourcecode.swift; path = QuestionTestView.swift; sourceTree = "<group>"; };
		4B29CB2B2D259FA900B20F1B /* ProgressTabView.swift */ = {isa = PBXFileReference; lastKnownFileType = sourcecode.swift; path = ProgressTabView.swift; sourceTree = "<group>"; };
		4B29CB2F2D259FD000B20F1B /* FavoritesView.swift */ = {isa = PBXFileReference; lastKnownFileType = sourcecode.swift; path = FavoritesView.swift; sourceTree = "<group>"; };
		4B29CB312D25AFB800B20F1B /* CoverImageView.swift */ = {isa = PBXFileReference; lastKnownFileType = sourcecode.swift; path = CoverImageView.swift; sourceTree = "<group>"; };
		4B29CB332D25B4B600B20F1B /* covers.json */ = {isa = PBXFileReference; lastKnownFileType = text.json; path = covers.json; sourceTree = "<group>"; };
		4B29CB352D25B53800B20F1B /* CoverImageModel.swift */ = {isa = PBXFileReference; lastKnownFileType = sourcecode.swift; path = CoverImageModel.swift; sourceTree = "<group>"; };
		4B29CB3A2D25CF1200B20F1B /* QuestionListItemView.swift */ = {isa = PBXFileReference; lastKnownFileType = sourcecode.swift; path = QuestionListItemView.swift; sourceTree = "<group>"; };
		4B29CB3C2D25DACD00B20F1B /* QuestionModel.swift */ = {isa = PBXFileReference; lastKnownFileType = sourcecode.swift; path = QuestionModel.swift; sourceTree = "<group>"; };
		4B29CB402D26ED2600B20F1B /* questions_ru.json */ = {isa = PBXFileReference; lastKnownFileType = text.json; path = questions_ru.json; sourceTree = "<group>"; };
		4B29CB422D26ED3900B20F1B /* questions_en.json */ = {isa = PBXFileReference; lastKnownFileType = text.json; path = questions_en.json; sourceTree = "<group>"; };
		4B29CB442D26EDF100B20F1B /* JSONLoader.swift */ = {isa = PBXFileReference; lastKnownFileType = sourcecode.swift; path = JSONLoader.swift; sourceTree = "<group>"; };
		4B29CB462D26EF4400B20F1B /* QuestionViewModel.swift */ = {isa = PBXFileReference; lastKnownFileType = sourcecode.swift; path = QuestionViewModel.swift; sourceTree = "<group>"; };
		4B29CB482D26F44400B20F1B /* QuestionLoader.swift */ = {isa = PBXFileReference; lastKnownFileType = sourcecode.swift; path = QuestionLoader.swift; sourceTree = "<group>"; };
		4B29CB4A2D28429300B20F1B /* QuestionDetailView.swift */ = {isa = PBXFileReference; lastKnownFileType = sourcecode.swift; path = QuestionDetailView.swift; sourceTree = "<group>"; };
		4B29CB4C2D28458200B20F1B /* HeadingView.swift */ = {isa = PBXFileReference; lastKnownFileType = sourcecode.swift; path = HeadingView.swift; sourceTree = "<group>"; };
		4B29CB502D299B1900B20F1B /* CategoryColorExtension.swift */ = {isa = PBXFileReference; lastKnownFileType = sourcecode.swift; path = CategoryColorExtension.swift; sourceTree = "<group>"; };
		4B29CB522D2AEC8100B20F1B /* ColorExtension.swift */ = {isa = PBXFileReference; lastKnownFileType = sourcecode.swift; path = ColorExtension.swift; sourceTree = "<group>"; };
		4B779C632D36D27A0073A379 /* TestViewsButton.swift */ = {isa = PBXFileReference; lastKnownFileType = sourcecode.swift; path = TestViewsButton.swift; sourceTree = "<group>"; };
		4B8154932D31897700FD8FFA /* FavoritesViewModel.swift */ = {isa = PBXFileReference; lastKnownFileType = sourcecode.swift; path = FavoritesViewModel.swift; sourceTree = "<group>"; };
		4B8154952D32D5F500FD8FFA /* SearchExtension.swift */ = {isa = PBXFileReference; lastKnownFileType = sourcecode.swift; path = SearchExtension.swift; sourceTree = "<group>"; };
		4B81549C2D341A6400FD8FFA /* StartTestView.swift */ = {isa = PBXFileReference; lastKnownFileType = sourcecode.swift; path = StartTestView.swift; sourceTree = "<group>"; };
		4B81549E2D341AF200FD8FFA /* ResultTestView.swift */ = {isa = PBXFileReference; lastKnownFileType = sourcecode.swift; path = ResultTestView.swift; sourceTree = "<group>"; };
		4B8154A02D356FED00FD8FFA /* TimeRemainingHolder.swift */ = {isa = PBXFileReference; lastKnownFileType = sourcecode.swift; path = TimeRemainingHolder.swift; sourceTree = "<group>"; };
		4B8154A42D35877E00FD8FFA /* AnswerCellButton.swift */ = {isa = PBXFileReference; lastKnownFileType = sourcecode.swift; path = AnswerCellButton.swift; sourceTree = "<group>"; };
		4B8154A62D3592D100FD8FFA /* ProgressBarLine.swift */ = {isa = PBXFileReference; lastKnownFileType = sourcecode.swift; path = ProgressBarLine.swift; sourceTree = "<group>"; };
		4B8154A82D369FC900FD8FFA /* ButtonGradients.swift */ = {isa = PBXFileReference; lastKnownFileType = sourcecode.swift; path = ButtonGradients.swift; sourceTree = "<group>"; };
		4B96CCA72D38F66F00DFC13C /* ProgressItemView.swift */ = {isa = PBXFileReference; lastKnownFileType = sourcecode.swift; path = ProgressItemView.swift; sourceTree = "<group>"; };
		4B96CCA92D39044500DFC13C /* ProgressItem.swift */ = {isa = PBXFileReference; lastKnownFileType = sourcecode.swift; path = ProgressItem.swift; sourceTree = "<group>"; };
		4B96CCAB2D39047B00DFC13C /* ProgressViewModel.swift */ = {isa = PBXFileReference; lastKnownFileType = sourcecode.swift; path = ProgressViewModel.swift; sourceTree = "<group>"; };
		4BDB613E2D2DA48C00D31659 /* MotionAnimationView.swift */ = {isa = PBXFileReference; lastKnownFileType = sourcecode.swift; path = MotionAnimationView.swift; sourceTree = "<group>"; };
		4BDB61482D2F09B800D31659 /* CategoriesGridItemView.swift */ = {isa = PBXFileReference; lastKnownFileType = sourcecode.swift; path = CategoriesGridItemView.swift; sourceTree = "<group>"; };
		4BDB61522D303FB300D31659 /* QuestionsListView.swift */ = {isa = PBXFileReference; lastKnownFileType = sourcecode.swift; path = QuestionsListView.swift; sourceTree = "<group>"; };
		4BDB61542D30411200D31659 /* CategoryGridView.swift */ = {isa = PBXFileReference; lastKnownFileType = sourcecode.swift; path = CategoryGridView.swift; sourceTree = "<group>"; };
		4BDB61562D30436D00D31659 /* ToolbarButtons.swift */ = {isa = PBXFileReference; lastKnownFileType = sourcecode.swift; path = ToolbarButtons.swift; sourceTree = "<group>"; };
		4BDB61582D30472000D31659 /* CategoryQuestionsView.swift */ = {isa = PBXFileReference; lastKnownFileType = sourcecode.swift; path = CategoryQuestionsView.swift; sourceTree = "<group>"; };
/* End PBXFileReference section */

/* Begin PBXFrameworksBuildPhase section */
		4B29CAF72D23212D00B20F1B /* Frameworks */ = {
			isa = PBXFrameworksBuildPhase;
			buildActionMask = 2147483647;
			files = (
			);
			runOnlyForDeploymentPostprocessing = 0;
		};
/* End PBXFrameworksBuildPhase section */

/* Begin PBXGroup section */
		4B29CAF12D23212D00B20F1B = {
			isa = PBXGroup;
			children = (
				4B29CB102D23213D00B20F1B /* SwiftUIPrep */,
				4B29CAFB2D23212D00B20F1B /* Products */,
			);
			sourceTree = "<group>";
		};
		4B29CAFB2D23212D00B20F1B /* Products */ = {
			isa = PBXGroup;
			children = (
				4B29CAFA2D23212D00B20F1B /* SwiftUIPrep.app */,
			);
			name = Products;
			sourceTree = "<group>";
		};
		4B29CB0C2D23213D00B20F1B /* Preview Content */ = {
			isa = PBXGroup;
			children = (
				4B29CB0B2D23213D00B20F1B /* Preview Assets.xcassets */,
			);
			path = "Preview Content";
			sourceTree = "<group>";
		};
		4B29CB102D23213D00B20F1B /* SwiftUIPrep */ = {
			isa = PBXGroup;
			children = (
				4B29CB1C2D23278700B20F1B /* Info.plist */,
				4B29CB0F2D23213D00B20F1B /* SwiftUIPrepApp.swift */,
				4B29CB152D23220700B20F1B /* Data */,
				4B29CB1B2D23227200B20F1B /* Models */,
				4B29CB172D23221100B20F1B /* ViewModels */,
				4B29CB162D23220C00B20F1B /* Views */,
				4B29CB0D2D23213D00B20F1B /* Assets.xcassets */,
				4B29CB372D25B5CF00B20F1B /* Extensions */,
				4B29CB1A2D23222B00B20F1B /* Components */,
				4B29CB192D23222000B20F1B /* Utilites */,
				4B29CB182D23221800B20F1B /* Resources */,
				4B29CB0C2D23213D00B20F1B /* Preview Content */,
			);
			path = SwiftUIPrep;
			sourceTree = "<group>";
		};
		4B29CB152D23220700B20F1B /* Data */ = {
			isa = PBXGroup;
			children = (
				4B29CB332D25B4B600B20F1B /* covers.json */,
				4B29CB402D26ED2600B20F1B /* questions_ru.json */,
				4B29CB422D26ED3900B20F1B /* questions_en.json */,
			);
			path = Data;
			sourceTree = "<group>";
		};
		4B29CB162D23220C00B20F1B /* Views */ = {
			isa = PBXGroup;
			children = (
				4B29CB232D232A3B00B20F1B /* LaunchScreenView.swift */,
				4B29CB1D2D23282300B20F1B /* MainView.swift */,
				4B96CCA42D38F41300DFC13C /* Browse */,
				4B8154972D338EEF00FD8FFA /* Test */,
				4B96CCA12D38F3B600DFC13C /* Progress */,
				4B96CCA22D38F3CF00DFC13C /* Favorites */,
				4B96CCA32D38F3E400DFC13C /* Settings */,
				4B96CCA52D38F43900DFC13C /* Question */,
				4B96CCA62D38F51C00DFC13C /* Category */,
				4BDB613E2D2DA48C00D31659 /* MotionAnimationView.swift */,
			);
			path = Views;
			sourceTree = "<group>";
		};
		4B29CB172D23221100B20F1B /* ViewModels */ = {
			isa = PBXGroup;
			children = (
				4B29CB462D26EF4400B20F1B /* QuestionViewModel.swift */,
				4B8154932D31897700FD8FFA /* FavoritesViewModel.swift */,
				4B96CCAB2D39047B00DFC13C /* ProgressViewModel.swift */,
			);
			path = ViewModels;
			sourceTree = "<group>";
		};
		4B29CB182D23221800B20F1B /* Resources */ = {
			isa = PBXGroup;
			children = (
				4B29CB272D232D1300B20F1B /* Localizable.xcstrings */,
				4B8154A82D369FC900FD8FFA /* ButtonGradients.swift */,
			);
			path = Resources;
			sourceTree = "<group>";
		};
		4B29CB192D23222000B20F1B /* Utilites */ = {
			isa = PBXGroup;
			children = (
				4B29CB442D26EDF100B20F1B /* JSONLoader.swift */,
				4B29CB482D26F44400B20F1B /* QuestionLoader.swift */,
			);
			path = Utilites;
			sourceTree = "<group>";
		};
		4B29CB1A2D23222B00B20F1B /* Components */ = {
			isa = PBXGroup;
			children = (
				4B29CB252D232C8700B20F1B /* LanguageButton.swift */,
			);
			path = Components;
			sourceTree = "<group>";
		};
		4B29CB1B2D23227200B20F1B /* Models */ = {
			isa = PBXGroup;
			children = (
				4B29CB352D25B53800B20F1B /* CoverImageModel.swift */,
				4B29CB3C2D25DACD00B20F1B /* QuestionModel.swift */,
				4B96CCA92D39044500DFC13C /* ProgressItem.swift */,
			);
			path = Models;
			sourceTree = "<group>";
		};
		4B29CB372D25B5CF00B20F1B /* Extensions */ = {
			isa = PBXGroup;
			children = (
				4B29CB502D299B1900B20F1B /* CategoryColorExtension.swift */,
				4B29CB522D2AEC8100B20F1B /* ColorExtension.swift */,
				4B046F7A2D2D7DBC000D0D6B /* PreviewPlaceholder.swift */,
				4B8154952D32D5F500FD8FFA /* SearchExtension.swift */,
			);
			path = Extensions;
			sourceTree = "<group>";
		};
		4B8154972D338EEF00FD8FFA /* Test */ = {
			isa = PBXGroup;
			children = (
				4B81549C2D341A6400FD8FFA /* StartTestView.swift */,
				4B29CB292D259F9400B20F1B /* QuestionTestView.swift */,
				4B81549E2D341AF200FD8FFA /* ResultTestView.swift */,
				4B8154A02D356FED00FD8FFA /* TimeRemainingHolder.swift */,
				4B8154A42D35877E00FD8FFA /* AnswerCellButton.swift */,
				4B8154A62D3592D100FD8FFA /* ProgressBarLine.swift */,
				4B779C632D36D27A0073A379 /* TestViewsButton.swift */,
			);
			path = Test;
			sourceTree = "<group>";
		};
		4B96CCA12D38F3B600DFC13C /* Progress */ = {
			isa = PBXGroup;
			children = (
				4B29CB2B2D259FA900B20F1B /* ProgressTabView.swift */,
				4B96CCA72D38F66F00DFC13C /* ProgressItemView.swift */,
			);
			path = Progress;
			sourceTree = "<group>";
		};
		4B96CCA22D38F3CF00DFC13C /* Favorites */ = {
			isa = PBXGroup;
			children = (
				4B29CB2F2D259FD000B20F1B /* FavoritesView.swift */,
			);
			path = Favorites;
			sourceTree = "<group>";
		};
		4B96CCA32D38F3E400DFC13C /* Settings */ = {
			isa = PBXGroup;
			children = (
				4B29CB212D23284900B20F1B /* SettingsView.swift */,
			);
			path = Settings;
			sourceTree = "<group>";
		};
		4B96CCA42D38F41300DFC13C /* Browse */ = {
			isa = PBXGroup;
			children = (
				4B29CB0E2D23213D00B20F1B /* BrowseView.swift */,
				4B29CB312D25AFB800B20F1B /* CoverImageView.swift */,
				4BDB61562D30436D00D31659 /* ToolbarButtons.swift */,
			);
			path = Browse;
			sourceTree = "<group>";
		};
		4B96CCA52D38F43900DFC13C /* Question */ = {
			isa = PBXGroup;
			children = (
				4B29CB3A2D25CF1200B20F1B /* QuestionListItemView.swift */,
				4B29CB4A2D28429300B20F1B /* QuestionDetailView.swift */,
				4BDB61522D303FB300D31659 /* QuestionsListView.swift */,
				4B29CB4C2D28458200B20F1B /* HeadingView.swift */,
			);
			path = Question;
			sourceTree = "<group>";
		};
		4B96CCA62D38F51C00DFC13C /* Category */ = {
			isa = PBXGroup;
			children = (
				4BDB61482D2F09B800D31659 /* CategoriesGridItemView.swift */,
				4BDB61542D30411200D31659 /* CategoryGridView.swift */,
				4BDB61582D30472000D31659 /* CategoryQuestionsView.swift */,
			);
			path = Category;
			sourceTree = "<group>";
		};
/* End PBXGroup section */

/* Begin PBXNativeTarget section */
		4B29CAF92D23212D00B20F1B /* SwiftUIPrep */ = {
			isa = PBXNativeTarget;
			buildConfigurationList = 4B29CB082D23212E00B20F1B /* Build configuration list for PBXNativeTarget "SwiftUIPrep" */;
			buildPhases = (
				4B29CAF62D23212D00B20F1B /* Sources */,
				4B29CAF72D23212D00B20F1B /* Frameworks */,
				4B29CAF82D23212D00B20F1B /* Resources */,
			);
			buildRules = (
			);
			dependencies = (
			);
			name = SwiftUIPrep;
			packageProductDependencies = (
			);
			productName = SwiftUIPrep;
			productReference = 4B29CAFA2D23212D00B20F1B /* SwiftUIPrep.app */;
			productType = "com.apple.product-type.application";
		};
/* End PBXNativeTarget section */

/* Begin PBXProject section */
		4B29CAF22D23212D00B20F1B /* Project object */ = {
			isa = PBXProject;
			attributes = {
				BuildIndependentTargetsInParallel = 1;
				LastSwiftUpdateCheck = 1620;
				LastUpgradeCheck = 1620;
				TargetAttributes = {
					4B29CAF92D23212D00B20F1B = {
						CreatedOnToolsVersion = 16.2;
					};
				};
			};
			buildConfigurationList = 4B29CAF52D23212D00B20F1B /* Build configuration list for PBXProject "SwiftUIPrep" */;
			developmentRegion = en;
			hasScannedForEncodings = 0;
			knownRegions = (
				en,
				Base,
				ru,
			);
			mainGroup = 4B29CAF12D23212D00B20F1B;
			minimizedProjectReferenceProxies = 1;
			preferredProjectObjectVersion = 77;
			productRefGroup = 4B29CAFB2D23212D00B20F1B /* Products */;
			projectDirPath = "";
			projectRoot = "";
			targets = (
				4B29CAF92D23212D00B20F1B /* SwiftUIPrep */,
			);
		};
/* End PBXProject section */

/* Begin PBXResourcesBuildPhase section */
		4B29CAF82D23212D00B20F1B /* Resources */ = {
			isa = PBXResourcesBuildPhase;
			buildActionMask = 2147483647;
			files = (
				4B29CB112D23213D00B20F1B /* Preview Assets.xcassets in Resources */,
				4B29CB342D25B4B600B20F1B /* covers.json in Resources */,
				4B29CB432D26ED3900B20F1B /* questions_en.json in Resources */,
				4B29CB122D23213D00B20F1B /* Assets.xcassets in Resources */,
				4B29CB412D26ED2600B20F1B /* questions_ru.json in Resources */,
				4B29CB282D232D1300B20F1B /* Localizable.xcstrings in Resources */,
			);
			runOnlyForDeploymentPostprocessing = 0;
		};
/* End PBXResourcesBuildPhase section */

/* Begin PBXSourcesBuildPhase section */
		4B29CAF62D23212D00B20F1B /* Sources */ = {
			isa = PBXSourcesBuildPhase;
			buildActionMask = 2147483647;
			files = (
				4B29CB2A2D259F9400B20F1B /* QuestionTestView.swift in Sources */,
				4B81549D2D341A6400FD8FFA /* StartTestView.swift in Sources */,
				4B779C642D36D27A0073A379 /* TestViewsButton.swift in Sources */,
				4B29CB242D232A3B00B20F1B /* LaunchScreenView.swift in Sources */,
				4B29CB322D25AFB800B20F1B /* CoverImageView.swift in Sources */,
				4B29CB262D232C8700B20F1B /* LanguageButton.swift in Sources */,
				4B96CCAC2D39047B00DFC13C /* ProgressViewModel.swift in Sources */,
				4B29CB132D23213D00B20F1B /* BrowseView.swift in Sources */,
				4B29CB4B2D28429300B20F1B /* QuestionDetailView.swift in Sources */,
				4B29CB452D26EDF100B20F1B /* JSONLoader.swift in Sources */,
				4B29CB472D26EF4400B20F1B /* QuestionViewModel.swift in Sources */,
				4B29CB362D25B53800B20F1B /* CoverImageModel.swift in Sources */,
				4B29CB512D299B1900B20F1B /* CategoryColorExtension.swift in Sources */,
				4BDB61592D30472000D31659 /* CategoryQuestionsView.swift in Sources */,
				4B8154A92D369FC900FD8FFA /* ButtonGradients.swift in Sources */,
				4B8154A72D3592D100FD8FFA /* ProgressBarLine.swift in Sources */,
				4BDB61552D30411200D31659 /* CategoryGridView.swift in Sources */,
				4B29CB222D23284900B20F1B /* SettingsView.swift in Sources */,
				4BDB61532D303FB300D31659 /* QuestionsListView.swift in Sources */,
				4B81549F2D341AF200FD8FFA /* ResultTestView.swift in Sources */,
				4B29CB532D2AEC8100B20F1B /* ColorExtension.swift in Sources */,
				4B96CCA82D38F66F00DFC13C /* ProgressItemView.swift in Sources */,
				4B29CB3D2D25DACD00B20F1B /* QuestionModel.swift in Sources */,
				4B29CB3B2D25CF1200B20F1B /* QuestionListItemView.swift in Sources */,
				4B29CB2C2D259FA900B20F1B /* ProgressTabView.swift in Sources */,
				4B8154962D32D5F500FD8FFA /* SearchExtension.swift in Sources */,
				4B046F7B2D2D7DBC000D0D6B /* PreviewPlaceholder.swift in Sources */,
				4B8154A52D35877E00FD8FFA /* AnswerCellButton.swift in Sources */,
				4B8154A12D356FED00FD8FFA /* TimeRemainingHolder.swift in Sources */,
				4B29CB4D2D28458200B20F1B /* HeadingView.swift in Sources */,
				4B29CB1E2D23282300B20F1B /* MainView.swift in Sources */,
				4B29CB142D23213D00B20F1B /* SwiftUIPrepApp.swift in Sources */,
				4B8154942D31897700FD8FFA /* FavoritesViewModel.swift in Sources */,
				4BDB613F2D2DA48C00D31659 /* MotionAnimationView.swift in Sources */,
				4BDB61492D2F09B800D31659 /* CategoriesGridItemView.swift in Sources */,
				4BDB61572D30436D00D31659 /* ToolbarButtons.swift in Sources */,
				4B96CCAA2D39044500DFC13C /* ProgressItem.swift in Sources */,
				4B29CB302D259FD000B20F1B /* FavoritesView.swift in Sources */,
				4B29CB492D26F44400B20F1B /* QuestionLoader.swift in Sources */,
			);
			runOnlyForDeploymentPostprocessing = 0;
		};
/* End PBXSourcesBuildPhase section */

/* Begin XCBuildConfiguration section */
		4B29CB062D23212E00B20F1B /* Debug */ = {
			isa = XCBuildConfiguration;
			buildSettings = {
				ALWAYS_SEARCH_USER_PATHS = NO;
				ASSETCATALOG_COMPILER_GENERATE_SWIFT_ASSET_SYMBOL_EXTENSIONS = YES;
				CLANG_ANALYZER_NONNULL = YES;
				CLANG_ANALYZER_NUMBER_OBJECT_CONVERSION = YES_AGGRESSIVE;
				CLANG_CXX_LANGUAGE_STANDARD = "gnu++20";
				CLANG_ENABLE_MODULES = YES;
				CLANG_ENABLE_OBJC_ARC = YES;
				CLANG_ENABLE_OBJC_WEAK = YES;
				CLANG_WARN_BLOCK_CAPTURE_AUTORELEASING = YES;
				CLANG_WARN_BOOL_CONVERSION = YES;
				CLANG_WARN_COMMA = YES;
				CLANG_WARN_CONSTANT_CONVERSION = YES;
				CLANG_WARN_DEPRECATED_OBJC_IMPLEMENTATIONS = YES;
				CLANG_WARN_DIRECT_OBJC_ISA_USAGE = YES_ERROR;
				CLANG_WARN_DOCUMENTATION_COMMENTS = YES;
				CLANG_WARN_EMPTY_BODY = YES;
				CLANG_WARN_ENUM_CONVERSION = YES;
				CLANG_WARN_INFINITE_RECURSION = YES;
				CLANG_WARN_INT_CONVERSION = YES;
				CLANG_WARN_NON_LITERAL_NULL_CONVERSION = YES;
				CLANG_WARN_OBJC_IMPLICIT_RETAIN_SELF = YES;
				CLANG_WARN_OBJC_LITERAL_CONVERSION = YES;
				CLANG_WARN_OBJC_ROOT_CLASS = YES_ERROR;
				CLANG_WARN_QUOTED_INCLUDE_IN_FRAMEWORK_HEADER = YES;
				CLANG_WARN_RANGE_LOOP_ANALYSIS = YES;
				CLANG_WARN_STRICT_PROTOTYPES = YES;
				CLANG_WARN_SUSPICIOUS_MOVE = YES;
				CLANG_WARN_UNGUARDED_AVAILABILITY = YES_AGGRESSIVE;
				CLANG_WARN_UNREACHABLE_CODE = YES;
				CLANG_WARN__DUPLICATE_METHOD_MATCH = YES;
				COPY_PHASE_STRIP = NO;
				DEBUG_INFORMATION_FORMAT = dwarf;
				ENABLE_STRICT_OBJC_MSGSEND = YES;
				ENABLE_TESTABILITY = YES;
				ENABLE_USER_SCRIPT_SANDBOXING = YES;
				GCC_C_LANGUAGE_STANDARD = gnu17;
				GCC_DYNAMIC_NO_PIC = NO;
				GCC_NO_COMMON_BLOCKS = YES;
				GCC_OPTIMIZATION_LEVEL = 0;
				GCC_PREPROCESSOR_DEFINITIONS = (
					"DEBUG=1",
					"$(inherited)",
				);
				GCC_WARN_64_TO_32_BIT_CONVERSION = YES;
				GCC_WARN_ABOUT_RETURN_TYPE = YES_ERROR;
				GCC_WARN_UNDECLARED_SELECTOR = YES;
				GCC_WARN_UNINITIALIZED_AUTOS = YES_AGGRESSIVE;
				GCC_WARN_UNUSED_FUNCTION = YES;
				GCC_WARN_UNUSED_VARIABLE = YES;
				IPHONEOS_DEPLOYMENT_TARGET = 18.2;
				LOCALIZATION_PREFERS_STRING_CATALOGS = YES;
				MTL_ENABLE_DEBUG_INFO = INCLUDE_SOURCE;
				MTL_FAST_MATH = YES;
				ONLY_ACTIVE_ARCH = YES;
				SDKROOT = iphoneos;
				SWIFT_ACTIVE_COMPILATION_CONDITIONS = "DEBUG $(inherited)";
				SWIFT_EMIT_LOC_STRINGS = YES;
				SWIFT_OPTIMIZATION_LEVEL = "-Onone";
			};
			name = Debug;
		};
		4B29CB072D23212E00B20F1B /* Release */ = {
			isa = XCBuildConfiguration;
			buildSettings = {
				ALWAYS_SEARCH_USER_PATHS = NO;
				ASSETCATALOG_COMPILER_GENERATE_SWIFT_ASSET_SYMBOL_EXTENSIONS = YES;
				CLANG_ANALYZER_NONNULL = YES;
				CLANG_ANALYZER_NUMBER_OBJECT_CONVERSION = YES_AGGRESSIVE;
				CLANG_CXX_LANGUAGE_STANDARD = "gnu++20";
				CLANG_ENABLE_MODULES = YES;
				CLANG_ENABLE_OBJC_ARC = YES;
				CLANG_ENABLE_OBJC_WEAK = YES;
				CLANG_WARN_BLOCK_CAPTURE_AUTORELEASING = YES;
				CLANG_WARN_BOOL_CONVERSION = YES;
				CLANG_WARN_COMMA = YES;
				CLANG_WARN_CONSTANT_CONVERSION = YES;
				CLANG_WARN_DEPRECATED_OBJC_IMPLEMENTATIONS = YES;
				CLANG_WARN_DIRECT_OBJC_ISA_USAGE = YES_ERROR;
				CLANG_WARN_DOCUMENTATION_COMMENTS = YES;
				CLANG_WARN_EMPTY_BODY = YES;
				CLANG_WARN_ENUM_CONVERSION = YES;
				CLANG_WARN_INFINITE_RECURSION = YES;
				CLANG_WARN_INT_CONVERSION = YES;
				CLANG_WARN_NON_LITERAL_NULL_CONVERSION = YES;
				CLANG_WARN_OBJC_IMPLICIT_RETAIN_SELF = YES;
				CLANG_WARN_OBJC_LITERAL_CONVERSION = YES;
				CLANG_WARN_OBJC_ROOT_CLASS = YES_ERROR;
				CLANG_WARN_QUOTED_INCLUDE_IN_FRAMEWORK_HEADER = YES;
				CLANG_WARN_RANGE_LOOP_ANALYSIS = YES;
				CLANG_WARN_STRICT_PROTOTYPES = YES;
				CLANG_WARN_SUSPICIOUS_MOVE = YES;
				CLANG_WARN_UNGUARDED_AVAILABILITY = YES_AGGRESSIVE;
				CLANG_WARN_UNREACHABLE_CODE = YES;
				CLANG_WARN__DUPLICATE_METHOD_MATCH = YES;
				COPY_PHASE_STRIP = NO;
				DEBUG_INFORMATION_FORMAT = "dwarf-with-dsym";
				ENABLE_NS_ASSERTIONS = NO;
				ENABLE_STRICT_OBJC_MSGSEND = YES;
				ENABLE_USER_SCRIPT_SANDBOXING = YES;
				GCC_C_LANGUAGE_STANDARD = gnu17;
				GCC_NO_COMMON_BLOCKS = YES;
				GCC_WARN_64_TO_32_BIT_CONVERSION = YES;
				GCC_WARN_ABOUT_RETURN_TYPE = YES_ERROR;
				GCC_WARN_UNDECLARED_SELECTOR = YES;
				GCC_WARN_UNINITIALIZED_AUTOS = YES_AGGRESSIVE;
				GCC_WARN_UNUSED_FUNCTION = YES;
				GCC_WARN_UNUSED_VARIABLE = YES;
				IPHONEOS_DEPLOYMENT_TARGET = 18.2;
				LOCALIZATION_PREFERS_STRING_CATALOGS = YES;
				MTL_ENABLE_DEBUG_INFO = NO;
				MTL_FAST_MATH = YES;
				SDKROOT = iphoneos;
				SWIFT_COMPILATION_MODE = wholemodule;
				SWIFT_EMIT_LOC_STRINGS = YES;
				VALIDATE_PRODUCT = YES;
			};
			name = Release;
		};
		4B29CB092D23212E00B20F1B /* Debug */ = {
			isa = XCBuildConfiguration;
			buildSettings = {
				ASSETCATALOG_COMPILER_APPICON_NAME = AppIcon;
				ASSETCATALOG_COMPILER_GLOBAL_ACCENT_COLOR_NAME = AccentColor;
				CODE_SIGN_STYLE = Automatic;
				CURRENT_PROJECT_VERSION = 1;
				DEVELOPMENT_ASSET_PATHS = "\"SwiftUIPrep/Preview Content\"";
				DEVELOPMENT_TEAM = QT3T249ZHN;
				ENABLE_PREVIEWS = YES;
				GENERATE_INFOPLIST_FILE = YES;
				INFOPLIST_FILE = SwiftUIPrep/Info.plist;
				INFOPLIST_KEY_LSApplicationCategoryType = "";
				INFOPLIST_KEY_UIApplicationSceneManifest_Generation = YES;
				INFOPLIST_KEY_UIApplicationSupportsIndirectInputEvents = YES;
				INFOPLIST_KEY_UISupportedInterfaceOrientations_iPad = "UIInterfaceOrientationPortrait UIInterfaceOrientationPortraitUpsideDown UIInterfaceOrientationLandscapeLeft UIInterfaceOrientationLandscapeRight";
				INFOPLIST_KEY_UISupportedInterfaceOrientations_iPhone = "UIInterfaceOrientationPortrait UIInterfaceOrientationLandscapeLeft UIInterfaceOrientationLandscapeRight";
				INFOPLIST_KEY_UIUserInterfaceStyle = Dark;
				IPHONEOS_DEPLOYMENT_TARGET = 16.6;
				LD_RUNPATH_SEARCH_PATHS = (
					"$(inherited)",
					"@executable_path/Frameworks",
				);
				MARKETING_VERSION = 1.0;
				PRODUCT_BUNDLE_IDENTIFIER = volos.inc.SwiftUIPrep;
				PRODUCT_NAME = "$(TARGET_NAME)";
				SUPPORTED_PLATFORMS = "iphoneos iphonesimulator";
				SUPPORTS_MACCATALYST = NO;
				SUPPORTS_XR_DESIGNED_FOR_IPHONE_IPAD = NO;
				SWIFT_EMIT_LOC_STRINGS = YES;
				SWIFT_VERSION = 5.0;
				TARGETED_DEVICE_FAMILY = "1,2";
			};
			name = Debug;
		};
		4B29CB0A2D23212E00B20F1B /* Release */ = {
			isa = XCBuildConfiguration;
			buildSettings = {
				ASSETCATALOG_COMPILER_APPICON_NAME = AppIcon;
				ASSETCATALOG_COMPILER_GLOBAL_ACCENT_COLOR_NAME = AccentColor;
				CODE_SIGN_STYLE = Automatic;
				CURRENT_PROJECT_VERSION = 1;
				DEVELOPMENT_ASSET_PATHS = "\"SwiftUIPrep/Preview Content\"";
				DEVELOPMENT_TEAM = QT3T249ZHN;
				ENABLE_PREVIEWS = YES;
				GENERATE_INFOPLIST_FILE = YES;
				INFOPLIST_FILE = SwiftUIPrep/Info.plist;
				INFOPLIST_KEY_LSApplicationCategoryType = "";
				INFOPLIST_KEY_UIApplicationSceneManifest_Generation = YES;
				INFOPLIST_KEY_UIApplicationSupportsIndirectInputEvents = YES;
				INFOPLIST_KEY_UISupportedInterfaceOrientations_iPad = "UIInterfaceOrientationPortrait UIInterfaceOrientationPortraitUpsideDown UIInterfaceOrientationLandscapeLeft UIInterfaceOrientationLandscapeRight";
				INFOPLIST_KEY_UISupportedInterfaceOrientations_iPhone = "UIInterfaceOrientationPortrait UIInterfaceOrientationLandscapeLeft UIInterfaceOrientationLandscapeRight";
				INFOPLIST_KEY_UIUserInterfaceStyle = Dark;
				IPHONEOS_DEPLOYMENT_TARGET = 16.6;
				LD_RUNPATH_SEARCH_PATHS = (
					"$(inherited)",
					"@executable_path/Frameworks",
				);
				MARKETING_VERSION = 1.0;
				PRODUCT_BUNDLE_IDENTIFIER = volos.inc.SwiftUIPrep;
				PRODUCT_NAME = "$(TARGET_NAME)";
				SUPPORTED_PLATFORMS = "iphoneos iphonesimulator";
				SUPPORTS_MACCATALYST = NO;
				SUPPORTS_XR_DESIGNED_FOR_IPHONE_IPAD = NO;
				SWIFT_EMIT_LOC_STRINGS = YES;
				SWIFT_VERSION = 5.0;
				TARGETED_DEVICE_FAMILY = "1,2";
			};
			name = Release;
		};
/* End XCBuildConfiguration section */

/* Begin XCConfigurationList section */
		4B29CAF52D23212D00B20F1B /* Build configuration list for PBXProject "SwiftUIPrep" */ = {
			isa = XCConfigurationList;
			buildConfigurations = (
				4B29CB062D23212E00B20F1B /* Debug */,
				4B29CB072D23212E00B20F1B /* Release */,
			);
			defaultConfigurationIsVisible = 0;
			defaultConfigurationName = Release;
		};
		4B29CB082D23212E00B20F1B /* Build configuration list for PBXNativeTarget "SwiftUIPrep" */ = {
			isa = XCConfigurationList;
			buildConfigurations = (
				4B29CB092D23212E00B20F1B /* Debug */,
				4B29CB0A2D23212E00B20F1B /* Release */,
			);
			defaultConfigurationIsVisible = 0;
			defaultConfigurationName = Release;
		};
/* End XCConfigurationList section */
	};
	rootObject = 4B29CAF22D23212D00B20F1B /* Project object */;
}
